
Microsoft Visual Studio Solution File, Format Version 12.00
# Visual Studio 15
Project("{FAE04EC0-301F-11D3-BF4B-00C04F79EFBC}") = "Assembly-CSharp", "Assembly-CSharp.csproj", "{65E54CDE-C941-01D5-72FA-012CC5F3644C}"
EndProject
Project("{FAE04EC0-301F-11D3-BF4B-00C04F79EFBC}") = "Assembly-CSharp-Editor", "Assembly-CSharp-Editor.csproj", "{9151B350-7AFF-AFC3-0B2B-B933B1873E60}"
EndProject
Global
	GlobalSection(SolutionConfigurationPlatforms) = preSolution
		Debug|Any CPU = Debug|Any CPU
		Release|Any CPU = Release|Any CPU
	EndGlobalSection
	GlobalSection(ProjectConfigurationPlatforms) = postSolution
		{65E54CDE-C941-01D5-72FA-012CC5F3644C}.Debug|Any CPU.ActiveCfg = Debug|Any CPU
		{65E54CDE-C941-01D5-72FA-012CC5F3644C}.Debug|Any CPU.Build.0 = Debug|Any CPU
		{65E54CDE-C941-01D5-72FA-012CC5F3644C}.Release|Any CPU.ActiveCfg = Release|Any CPU
		{65E54CDE-C941-01D5-72FA-012CC5F3644C}.Release|Any CPU.Build.0 = Release|Any CPU
		{9151B350-7AFF-AFC3-0B2B-B933B1873E60}.Debug|Any CPU.ActiveCfg = Debug|Any CPU
		{9151B350-7AFF-AFC3-0B2B-B933B1873E60}.Debug|Any CPU.Build.0 = Debug|Any CPU
		{9151B350-7AFF-AFC3-0B2B-B933B1873E60}.Release|Any CPU.ActiveCfg = Release|Any CPU
		{9151B350-7AFF-AFC3-0B2B-B933B1873E60}.Release|Any CPU.Build.0 = Release|Any CPU
	EndGlobalSection
	GlobalSection(SolutionProperties) = preSolution
		HideSolutionNode = FALSE
	EndGlobalSection
EndGlobal
